Microsoft Visual Studio Solution File, Format Version 12.00
# Visual Studio 2013
VisualStudioVersion = 12.0.30723.0
MinimumVisualStudioVersion = 10.0.40219.1
Project("{FAE04EC0-301F-11D3-BF4B-00C04F79EFBC}") = "CR_PromoteExpressionToParameterVSIX", "CR_PromoteExpressionToParameter\CR_PromoteExpressionToParameterVSIX.vbproj", "{EF56ED55-21E9-4965-B186-68DA3C8D4CAD}"
EndProject
Global
	GlobalSection(SolutionConfigurationPlatforms) = preSolution
		Debug|Any CPU = Debug|Any CPU
		Release|Any CPU = Release|Any CPU
	EndGlobalSection
	GlobalSection(ProjectConfigurationPlatforms) = postSolution
		{EF56ED55-21E9-4965-B186-68DA3C8D4CAD}.Debug|Any CPU.ActiveCfg = Debug|Any CPU
		{EF56ED55-21E9-4965-B186-68DA3C8D4CAD}.Debug|Any CPU.Build.0 = Debug|Any CPU
		{EF56ED55-21E9-4965-B186-68DA3C8D4CAD}.Release|Any CPU.ActiveCfg = Release|Any CPU
		{EF56ED55-21E9-4965-B186-68DA3C8D4CAD}.Release|Any CPU.Build.0 = Release|Any CPU
	EndGlobalSection
	GlobalSection(SolutionProperties) = preSolution
		HideSolutionNode = FALSE
	EndGlobalSection
EndGlobal
